
Microsoft Visual Studio Solution File, Format Version 12.00
# Visual Studio Version 17
VisualStudioVersion = 17.11.35222.181
MinimumVisualStudioVersion = 10.0.40219.1
Project("{FAE04EC0-301F-11D3-BF4B-00C04F79EFBC}") = "EmployeeApp", "EmployeeApp.csproj", "{0D912E30-65AE-40BA-92D2-2F1FF6A698A7}"
EndProject
Global
	GlobalSection(SolutionConfigurationPlatforms) = preSolution
		Debug|Any CPU = Debug|Any CPU
		Release|Any CPU = Release|Any CPU
	EndGlobalSection
	GlobalSection(ProjectConfigurationPlatforms) = postSolution
		{0D912E30-65AE-40BA-92D2-2F1FF6A698A7}.Debug|Any CPU.ActiveCfg = Debug|Any CPU
		{0D912E30-65AE-40BA-92D2-2F1FF6A698A7}.Debug|Any CPU.Build.0 = Debug|Any CPU
		{0D912E30-65AE-40BA-92D2-2F1FF6A698A7}.Release|Any CPU.ActiveCfg = Release|Any CPU
		{0D912E30-65AE-40BA-92D2-2F1FF6A698A7}.Release|Any CPU.Build.0 = Release|Any CPU
	EndGlobalSection
	GlobalSection(SolutionProperties) = preSolution
		HideSolutionNode = FALSE
	EndGlobalSection
	GlobalSection(ExtensibilityGlobals) = postSolution
		SolutionGuid = {EF4C7578-6E4A-4B9D-88A2-3E9065322B84}
	EndGlobalSection
EndGlobal
